
Microsoft Visual Studio Solution File, Format Version 12.00
# Visual Studio Version 17
VisualStudioVersion = 17.7.34024.191
MinimumVisualStudioVersion = 10.0.40219.1
Project("{9A19103F-16F7-4668-BE54-9A1E7A4F7556}") = "Nadin.Infrastructure", "Infrastructure\Nadin.Infrastructure.csproj", "{6801E238-A89E-44A3-8313-956265BCFC8E}"
EndProject
Project("{9A19103F-16F7-4668-BE54-9A1E7A4F7556}") = "Nadin.Application", "Application\Nadin.Application.csproj", "{5B0D1228-426E-466F-A87F-522B689F5FD9}"
EndProject
Project("{9A19103F-16F7-4668-BE54-9A1E7A4F7556}") = "Nadin.Domain", "Nadin.Domain\Nadin.Domain.csproj", "{BF4CF9CD-40A6-450E-8E18-6CE48322C812}"
EndProject
Project("{9A19103F-16F7-4668-BE54-9A1E7A4F7556}") = "Nadin", "Nadin\Nadin.csproj", "{05393C54-8C40-47B1-86A6-26766DA2AD0A}"
EndProject
Project("{2150E333-8FDC-42A3-9474-1A3956D46DE8}") = "Nadin.Application", "Nadin.Application", "{F37966C6-E14F-466E-884F-56D6C2BABF84}"
EndProject
Project("{2150E333-8FDC-42A3-9474-1A3956D46DE8}") = "Nadin.Domain", "Nadin.Domain", "{A2AC5C19-4B24-4C4D-9144-38F6584F51CF}"
EndProject
Project("{2150E333-8FDC-42A3-9474-1A3956D46DE8}") = "Nadin.Infrastructure", "Nadin.Infrastructure", "{973E2F56-89AB-4390-9A8E-C85E1BEECF6F}"
EndProject
Project("{2150E333-8FDC-42A3-9474-1A3956D46DE8}") = "Nadin.Peresentation", "Nadin.Peresentation", "{12B7220F-1393-454A-87A0-5A6A89D9EEE0}"
EndProject
Global
	GlobalSection(SolutionConfigurationPlatforms) = preSolution
		Debug|Any CPU = Debug|Any CPU
		Release|Any CPU = Release|Any CPU
	EndGlobalSection
	GlobalSection(ProjectConfigurationPlatforms) = postSolution
		{6801E238-A89E-44A3-8313-956265BCFC8E}.Debug|Any CPU.ActiveCfg = Debug|Any CPU
		{6801E238-A89E-44A3-8313-956265BCFC8E}.Debug|Any CPU.Build.0 = Debug|Any CPU
		{6801E238-A89E-44A3-8313-956265BCFC8E}.Release|Any CPU.ActiveCfg = Release|Any CPU
		{6801E238-A89E-44A3-8313-956265BCFC8E}.Release|Any CPU.Build.0 = Release|Any CPU
		{5B0D1228-426E-466F-A87F-522B689F5FD9}.Debug|Any CPU.ActiveCfg = Debug|Any CPU
		{5B0D1228-426E-466F-A87F-522B689F5FD9}.Debug|Any CPU.Build.0 = Debug|Any CPU
		{5B0D1228-426E-466F-A87F-522B689F5FD9}.Release|Any CPU.ActiveCfg = Release|Any CPU
		{5B0D1228-426E-466F-A87F-522B689F5FD9}.Release|Any CPU.Build.0 = Release|Any CPU
		{BF4CF9CD-40A6-450E-8E18-6CE48322C812}.Debug|Any CPU.ActiveCfg = Debug|Any CPU
		{BF4CF9CD-40A6-450E-8E18-6CE48322C812}.Debug|Any CPU.Build.0 = Debug|Any CPU
		{BF4CF9CD-40A6-450E-8E18-6CE48322C812}.Release|Any CPU.ActiveCfg = Release|Any CPU
		{BF4CF9CD-40A6-450E-8E18-6CE48322C812}.Release|Any CPU.Build.0 = Release|Any CPU
		{05393C54-8C40-47B1-86A6-26766DA2AD0A}.Debug|Any CPU.ActiveCfg = Debug|Any CPU
		{05393C54-8C40-47B1-86A6-26766DA2AD0A}.Debug|Any CPU.Build.0 = Debug|Any CPU
		{05393C54-8C40-47B1-86A6-26766DA2AD0A}.Release|Any CPU.ActiveCfg = Release|Any CPU
		{05393C54-8C40-47B1-86A6-26766DA2AD0A}.Release|Any CPU.Build.0 = Release|Any CPU
	EndGlobalSection
	GlobalSection(SolutionProperties) = preSolution
		HideSolutionNode = FALSE
	EndGlobalSection
	GlobalSection(NestedProjects) = preSolution
		{6801E238-A89E-44A3-8313-956265BCFC8E} = {973E2F56-89AB-4390-9A8E-C85E1BEECF6F}
		{5B0D1228-426E-466F-A87F-522B689F5FD9} = {F37966C6-E14F-466E-884F-56D6C2BABF84}
		{BF4CF9CD-40A6-450E-8E18-6CE48322C812} = {A2AC5C19-4B24-4C4D-9144-38F6584F51CF}
		{05393C54-8C40-47B1-86A6-26766DA2AD0A} = {12B7220F-1393-454A-87A0-5A6A89D9EEE0}
	EndGlobalSection
	GlobalSection(ExtensibilityGlobals) = postSolution
		SolutionGuid = {17366950-87A9-418C-B247-495763316C97}
	EndGlobalSection
EndGlobal
